
Microsoft Visual Studio Solution File, Format Version 12.00
Project("{FAE04EC0-301F-11D3-BF4B-00C04F79EFBC}") = "MarkGravestock.AccountManagement.Api", "MarkGravestock.AccountManagement.Api\MarkGravestock.AccountManagement.Api.csproj", "{77C0DD03-8CB2-48AF-AEDB-3AEECF5E4CDF}"
EndProject
Project("{FAE04EC0-301F-11D3-BF4B-00C04F79EFBC}") = "MarkGravestock.AccountManagement.IntegrationTests", "MarkGravestock.AccountManagement.IntegrationTests\MarkGravestock.AccountManagement.IntegrationTests.csproj", "{B6FAB702-5C08-404D-8E05-157CA14360FF}"
EndProject
Project("{2150E333-8FDC-42A3-9474-1A3956D46DE8}") = "Documentation", "Documentation", "{4821E41E-AAEE-4EB0-B2A6-6C91B5E8C708}"
ProjectSection(SolutionItems) = preProject
	ReadMe.md = ReadMe.md
	Dependencies.png = Dependencies.png
	Hexagonal.png = Hexagonal.png
EndProjectSection
EndProject
Project("{FAE04EC0-301F-11D3-BF4B-00C04F79EFBC}") = "MarkGravestock.AccountManagement.Domain", "MarkGravestock.AccountManagement.Domain\MarkGravestock.AccountManagement.Domain.csproj", "{E8C434BB-E1AC-4C76-8239-6DDA42CD4B1C}"
EndProject
Project("{FAE04EC0-301F-11D3-BF4B-00C04F79EFBC}") = "MarkGravestock.AccountManagement.Infrastructure", "MarkGravestock.AccountManagement.Infrastructure\MarkGravestock.AccountManagement.Infrastructure.csproj", "{D9E2834B-16A2-4240-A193-544EFC846215}"
EndProject
Project("{FAE04EC0-301F-11D3-BF4B-00C04F79EFBC}") = "MarkGravestock.AccountManagement.UnitTests", "MarkGravestock.AccountManagement.UnitTests\MarkGravestock.AccountManagement.UnitTests.csproj", "{8AD3FEE8-75F9-4972-8924-C291BE04DE37}"
EndProject
Project("{2150E333-8FDC-42A3-9474-1A3956D46DE8}") = "Tests", "Tests", "{7AFD1D32-75BD-48BC-833B-9ABA8C11098D}"
EndProject
Project("{FAE04EC0-301F-11D3-BF4B-00C04F79EFBC}") = "Mark.Gravestock.AccountManagement.Application", "Mark.Gravestock.AccountManagement.Application\Mark.Gravestock.AccountManagement.Application.csproj", "{52D21509-AFA2-4C19-A20B-194403D78C50}"
EndProject
Global
	GlobalSection(SolutionConfigurationPlatforms) = preSolution
		Debug|Any CPU = Debug|Any CPU
		Release|Any CPU = Release|Any CPU
	EndGlobalSection
	GlobalSection(ProjectConfigurationPlatforms) = postSolution
		{77C0DD03-8CB2-48AF-AEDB-3AEECF5E4CDF}.Debug|Any CPU.ActiveCfg = Debug|Any CPU
		{77C0DD03-8CB2-48AF-AEDB-3AEECF5E4CDF}.Debug|Any CPU.Build.0 = Debug|Any CPU
		{77C0DD03-8CB2-48AF-AEDB-3AEECF5E4CDF}.Release|Any CPU.ActiveCfg = Release|Any CPU
		{77C0DD03-8CB2-48AF-AEDB-3AEECF5E4CDF}.Release|Any CPU.Build.0 = Release|Any CPU
		{B6FAB702-5C08-404D-8E05-157CA14360FF}.Debug|Any CPU.ActiveCfg = Debug|Any CPU
		{B6FAB702-5C08-404D-8E05-157CA14360FF}.Debug|Any CPU.Build.0 = Debug|Any CPU
		{B6FAB702-5C08-404D-8E05-157CA14360FF}.Release|Any CPU.ActiveCfg = Release|Any CPU
		{B6FAB702-5C08-404D-8E05-157CA14360FF}.Release|Any CPU.Build.0 = Release|Any CPU
		{E8C434BB-E1AC-4C76-8239-6DDA42CD4B1C}.Debug|Any CPU.ActiveCfg = Debug|Any CPU
		{E8C434BB-E1AC-4C76-8239-6DDA42CD4B1C}.Debug|Any CPU.Build.0 = Debug|Any CPU
		{E8C434BB-E1AC-4C76-8239-6DDA42CD4B1C}.Release|Any CPU.ActiveCfg = Release|Any CPU
		{E8C434BB-E1AC-4C76-8239-6DDA42CD4B1C}.Release|Any CPU.Build.0 = Release|Any CPU
		{D9E2834B-16A2-4240-A193-544EFC846215}.Debug|Any CPU.ActiveCfg = Debug|Any CPU
		{D9E2834B-16A2-4240-A193-544EFC846215}.Debug|Any CPU.Build.0 = Debug|Any CPU
		{D9E2834B-16A2-4240-A193-544EFC846215}.Release|Any CPU.ActiveCfg = Release|Any CPU
		{D9E2834B-16A2-4240-A193-544EFC846215}.Release|Any CPU.Build.0 = Release|Any CPU
		{8AD3FEE8-75F9-4972-8924-C291BE04DE37}.Debug|Any CPU.ActiveCfg = Debug|Any CPU
		{8AD3FEE8-75F9-4972-8924-C291BE04DE37}.Debug|Any CPU.Build.0 = Debug|Any CPU
		{8AD3FEE8-75F9-4972-8924-C291BE04DE37}.Release|Any CPU.ActiveCfg = Release|Any CPU
		{8AD3FEE8-75F9-4972-8924-C291BE04DE37}.Release|Any CPU.Build.0 = Release|Any CPU
		{52D21509-AFA2-4C19-A20B-194403D78C50}.Debug|Any CPU.ActiveCfg = Debug|Any CPU
		{52D21509-AFA2-4C19-A20B-194403D78C50}.Debug|Any CPU.Build.0 = Debug|Any CPU
		{52D21509-AFA2-4C19-A20B-194403D78C50}.Release|Any CPU.ActiveCfg = Release|Any CPU
		{52D21509-AFA2-4C19-A20B-194403D78C50}.Release|Any CPU.Build.0 = Release|Any CPU
	EndGlobalSection
	GlobalSection(NestedProjects) = preSolution
		{8AD3FEE8-75F9-4972-8924-C291BE04DE37} = {7AFD1D32-75BD-48BC-833B-9ABA8C11098D}
		{B6FAB702-5C08-404D-8E05-157CA14360FF} = {7AFD1D32-75BD-48BC-833B-9ABA8C11098D}
	EndGlobalSection
EndGlobal
